// !$*UTF8*$!
{
	archiveVersion = 1;
	classes = {
	};
	objectVersion = 50;
	objects = {

/* Begin PBXBuildFile section */
		B6313D6F25B4341C0035448B /* main.m in Sources */ = {isa = PBXBuildFile; fileRef = B6313D6E25B4341C0035448B /* main.m */; };
		B6313D7825B434280035448B /* Util.m in Sources */ = {isa = PBXBuildFile; fileRef = B6313D7725B434280035448B /* Util.m */; };
		B6313D7C25B4348C0035448B /* Analyze.m in Sources */ = {isa = PBXBuildFile; fileRef = B6313D7B25B4348C0035448B /* Analyze.m */; };
		B6856E142696E8E800ADAB16 /* MMTracePCGuard.m in Sources */ = {isa = PBXBuildFile; fileRef = B6856E132696E8E800ADAB16 /* MMTracePCGuard.m */; };
/* End PBXBuildFile section */

/* Begin PBXCopyFilesBuildPhase section */
		B6313D6925B4341C0035448B /* CopyFiles */ = {
			isa = PBXCopyFilesBuildPhase;
			buildActionMask = 2147483647;
			dstPath = /usr/share/man/man1/;
			dstSubfolderSpec = 0;
			files = (
			);
			runOnlyForDeploymentPostprocessing = 1;
		};
/* End PBXCopyFilesBuildPhase section */

/* Begin PBXFileReference section */
		B6313D6B25B4341C0035448B /* Linked_Order_Analyze */ = {isa = PBXFileReference; explicitFileType = "compiled.mach-o.executable"; includeInIndex = 0; path = Linked_Order_Analyze; sourceTree = BUILT_PRODUCTS_DIR; };
		B6313D6E25B4341C0035448B /* main.m */ = {isa = PBXFileReference; lastKnownFileType = sourcecode.c.objc; path = main.m; sourceTree = "<group>"; };
		B6313D7625B434280035448B /* Util.h */ = {isa = PBXFileReference; lastKnownFileType = sourcecode.c.h; path = Util.h; sourceTree = "<group>"; };
		B6313D7725B434280035448B /* Util.m */ = {isa = PBXFileReference; lastKnownFileType = sourcecode.c.objc; path = Util.m; sourceTree = "<group>"; };
		B6313D7A25B4348C0035448B /* Analyze.h */ = {isa = PBXFileReference; lastKnownFileType = sourcecode.c.h; path = Analyze.h; sourceTree = "<group>"; };
		B6313D7B25B4348C0035448B /* Analyze.m */ = {isa = PBXFileReference; lastKnownFileType = sourcecode.c.objc; path = Analyze.m; sourceTree = "<group>"; };
		B6856E122696E8E800ADAB16 /* MMTracePCGuard.h */ = {isa = PBXFileReference; fileEncoding = 4; lastKnownFileType = sourcecode.c.h; path = MMTracePCGuard.h; sourceTree = "<group>"; };
		B6856E132696E8E800ADAB16 /* MMTracePCGuard.m */ = {isa = PBXFileReference; fileEncoding = 4; lastKnownFileType = sourcecode.c.objc; path = MMTracePCGuard.m; sourceTree = "<group>"; };
/* End PBXFileReference section */

/* Begin PBXFrameworksBuildPhase section */
		B6313D6825B4341C0035448B /* Frameworks */ = {
			isa = PBXFrameworksBuildPhase;
			buildActionMask = 2147483647;
			files = (
			);
			runOnlyForDeploymentPostprocessing = 0;
		};
/* End PBXFrameworksBuildPhase section */

/* Begin PBXGroup section */
		B6313D6225B4341C0035448B = {
			isa = PBXGroup;
			children = (
				B6313D6D25B4341C0035448B /* Linked_Order_Analyze */,
				B6313D6C25B4341C0035448B /* Products */,
			);
			sourceTree = "<group>";
		};
		B6313D6C25B4341C0035448B /* Products */ = {
			isa = PBXGroup;
			children = (
				B6313D6B25B4341C0035448B /* Linked_Order_Analyze */,
			);
			name = Products;
			sourceTree = "<group>";
		};
		B6313D6D25B4341C0035448B /* Linked_Order_Analyze */ = {
			isa = PBXGroup;
			children = (
				B6856E122696E8E800ADAB16 /* MMTracePCGuard.h */,
				B6856E132696E8E800ADAB16 /* MMTracePCGuard.m */,
				B6313D6E25B4341C0035448B /* main.m */,
				B6313D7A25B4348C0035448B /* Analyze.h */,
				B6313D7B25B4348C0035448B /* Analyze.m */,
				B6313D7625B434280035448B /* Util.h */,
				B6313D7725B434280035448B /* Util.m */,
			);
			path = Linked_Order_Analyze;
			sourceTree = "<group>";
		};
/* End PBXGroup section */

/* Begin PBXNativeTarget section */
		B6313D6A25B4341C0035448B /* Linked_Order_Analyze */ = {
			isa = PBXNativeTarget;
			buildConfigurationList = B6313D7225B4341C0035448B /* Build configuration list for PBXNativeTarget "Linked_Order_Analyze" */;
			buildPhases = (
				B6313D6725B4341C0035448B /* Sources */,
				B6313D6825B4341C0035448B /* Frameworks */,
				B6313D6925B4341C0035448B /* CopyFiles */,
			);
			buildRules = (
			);
			dependencies = (
			);
			name = Linked_Order_Analyze;
			productName = Linked_Order_Analyze;
			productReference = B6313D6B25B4341C0035448B /* Linked_Order_Analyze */;
			productType = "com.apple.product-type.tool";
		};
/* End PBXNativeTarget section */

/* Begin PBXProject section */
		B6313D6325B4341C0035448B /* Project object */ = {
			isa = PBXProject;
			attributes = {
				LastUpgradeCheck = 1230;
				TargetAttributes = {
					B6313D6A25B4341C0035448B = {
						CreatedOnToolsVersion = 12.3;
					};
				};
			};
			buildConfigurationList = B6313D6625B4341C0035448B /* Build configuration list for PBXProject "Linked_Order_Analyze" */;
			compatibilityVersion = "Xcode 9.3";
			developmentRegion = en;
			hasScannedForEncodings = 0;
			knownRegions = (
				en,
				Base,
			);
			mainGroup = B6313D6225B4341C0035448B;
			productRefGroup = B6313D6C25B4341C0035448B /* Products */;
			projectDirPath = "";
			projectRoot = "";
			targets = (
				B6313D6A25B4341C0035448B /* Linked_Order_Analyze */,
			);
		};
/* End PBXProject section */

/* Begin PBXSourcesBuildPhase section */
		B6313D6725B4341C0035448B /* Sources */ = {
			isa = PBXSourcesBuildPhase;
			buildActionMask = 2147483647;
			files = (
				B6313D7C25B4348C0035448B /* Analyze.m in Sources */,
				B6313D6F25B4341C0035448B /* main.m in Sources */,
				B6856E142696E8E800ADAB16 /* MMTracePCGuard.m in Sources */,
				B6313D7825B434280035448B /* Util.m in Sources */,
			);
			runOnlyForDeploymentPostprocessing = 0;
		};
/* End PBXSourcesBuildPhase section */

/* Begin XCBuildConfiguration section */
		B6313D7025B4341C0035448B /* Debug */ = {
			isa = XCBuildConfiguration;
			buildSettings = {
				ALWAYS_SEARCH_USER_PATHS = NO;
				CLANG_ANALYZER_NONNULL = YES;
				CLANG_ANALYZER_NUMBER_OBJECT_CONVERSION = YES_AGGRESSIVE;
				CLANG_CXX_LANGUAGE_STANDARD = "gnu++14";
				CLANG_CXX_LIBRARY = "libc++";
				CLANG_ENABLE_MODULES = YES;
				CLANG_ENABLE_OBJC_ARC = YES;
				CLANG_ENABLE_OBJC_WEAK = YES;
				CLANG_WARN_BLOCK_CAPTURE_AUTORELEASING = YES;
				CLANG_WARN_BOOL_CONVERSION = YES;
				CLANG_WARN_COMMA = YES;
				CLANG_WARN_CONSTANT_CONVERSION = YES;
				CLANG_WARN_DEPRECATED_OBJC_IMPLEMENTATIONS = YES;
				CLANG_WARN_DIRECT_OBJC_ISA_USAGE = YES_ERROR;
				CLANG_WARN_DOCUMENTATION_COMMENTS = YES;
				CLANG_WARN_EMPTY_BODY = YES;
				CLANG_WARN_ENUM_CONVERSION = YES;
				CLANG_WARN_INFINITE_RECURSION = YES;
				CLANG_WARN_INT_CONVERSION = YES;
				CLANG_WARN_NON_LITERAL_NULL_CONVERSION = YES;
				CLANG_WARN_OBJC_IMPLICIT_RETAIN_SELF = YES;
				CLANG_WARN_OBJC_LITERAL_CONVERSION = YES;
				CLANG_WARN_OBJC_ROOT_CLASS = YES_ERROR;
				CLANG_WARN_QUOTED_INCLUDE_IN_FRAMEWORK_HEADER = YES;
				CLANG_WARN_RANGE_LOOP_ANALYSIS = YES;
				CLANG_WARN_STRICT_PROTOTYPES = YES;
				CLANG_WARN_SUSPICIOUS_MOVE = YES;
				CLANG_WARN_UNGUARDED_AVAILABILITY = YES_AGGRESSIVE;
				CLANG_WARN_UNREACHABLE_CODE = YES;
				CLANG_WARN__DUPLICATE_METHOD_MATCH = YES;
				COPY_PHASE_STRIP = NO;
				DEBUG_INFORMATION_FORMAT = dwarf;
				ENABLE_STRICT_OBJC_MSGSEND = YES;
				ENABLE_TESTABILITY = YES;
				GCC_C_LANGUAGE_STANDARD = gnu11;
				GCC_DYNAMIC_NO_PIC = NO;
				GCC_NO_COMMON_BLOCKS = YES;
				GCC_OPTIMIZATION_LEVEL = 0;
				GCC_PREPROCESSOR_DEFINITIONS = (
					"DEBUG=1",
					"$(inherited)",
				);
				GCC_WARN_64_TO_32_BIT_CONVERSION = YES;
				GCC_WARN_ABOUT_RETURN_TYPE = YES_ERROR;
				GCC_WARN_UNDECLARED_SELECTOR = YES;
				GCC_WARN_UNINITIALIZED_AUTOS = YES_AGGRESSIVE;
				GCC_WARN_UNUSED_FUNCTION = YES;
				GCC_WARN_UNUSED_VARIABLE = YES;
				MACOSX_DEPLOYMENT_TARGET = 11.1;
				MTL_ENABLE_DEBUG_INFO = INCLUDE_SOURCE;
				MTL_FAST_MATH = YES;
				ONLY_ACTIVE_ARCH = YES;
				SDKROOT = macosx;
			};
			name = Debug;
		};
		B6313D7125B4341C0035448B /* Release */ = {
			isa = XCBuildConfiguration;
			buildSettings = {
				ALWAYS_SEARCH_USER_PATHS = NO;
				CLANG_ANALYZER_NONNULL = YES;
				CLANG_ANALYZER_NUMBER_OBJECT_CONVERSION = YES_AGGRESSIVE;
				CLANG_CXX_LANGUAGE_STANDARD = "gnu++14";
				CLANG_CXX_LIBRARY = "libc++";
				CLANG_ENABLE_MODULES = YES;
				CLANG_ENABLE_OBJC_ARC = YES;
				CLANG_ENABLE_OBJC_WEAK = YES;
				CLANG_WARN_BLOCK_CAPTURE_AUTORELEASING = YES;
				CLANG_WARN_BOOL_CONVERSION = YES;
				CLANG_WARN_COMMA = YES;
				CLANG_WARN_CONSTANT_CONVERSION = YES;
				CLANG_WARN_DEPRECATED_OBJC_IMPLEMENTATIONS = YES;
				CLANG_WARN_DIRECT_OBJC_ISA_USAGE = YES_ERROR;
				CLANG_WARN_DOCUMENTATION_COMMENTS = YES;
				CLANG_WARN_EMPTY_BODY = YES;
				CLANG_WARN_ENUM_CONVERSION = YES;
				CLANG_WARN_INFINITE_RECURSION = YES;
				CLANG_WARN_INT_CONVERSION = YES;
				CLANG_WARN_NON_LITERAL_NULL_CONVERSION = YES;
				CLANG_WARN_OBJC_IMPLICIT_RETAIN_SELF = YES;
				CLANG_WARN_OBJC_LITERAL_CONVERSION = YES;
				CLANG_WARN_OBJC_ROOT_CLASS = YES_ERROR;
				CLANG_WARN_QUOTED_INCLUDE_IN_FRAMEWORK_HEADER = YES;
				CLANG_WARN_RANGE_LOOP_ANALYSIS = YES;
				CLANG_WARN_STRICT_PROTOTYPES = YES;
				CLANG_WARN_SUSPICIOUS_MOVE = YES;
				CLANG_WARN_UNGUARDED_AVAILABILITY = YES_AGGRESSIVE;
				CLANG_WARN_UNREACHABLE_CODE = YES;
				CLANG_WARN__DUPLICATE_METHOD_MATCH = YES;
				COPY_PHASE_STRIP = NO;
				DEBUG_INFORMATION_FORMAT = "dwarf-with-dsym";
				ENABLE_NS_ASSERTIONS = NO;
				ENABLE_STRICT_OBJC_MSGSEND = YES;
				GCC_C_LANGUAGE_STANDARD = gnu11;
				GCC_NO_COMMON_BLOCKS = YES;
				GCC_WARN_64_TO_32_BIT_CONVERSION = YES;
				GCC_WARN_ABOUT_RETURN_TYPE = YES_ERROR;
				GCC_WARN_UNDECLARED_SELECTOR = YES;
				GCC_WARN_UNINITIALIZED_AUTOS = YES_AGGRESSIVE;
				GCC_WARN_UNUSED_FUNCTION = YES;
				GCC_WARN_UNUSED_VARIABLE = YES;
				MACOSX_DEPLOYMENT_TARGET = 11.1;
				MTL_ENABLE_DEBUG_INFO = NO;
				MTL_FAST_MATH = YES;
				SDKROOT = macosx;
			};
			name = Release;
		};
		B6313D7325B4341C0035448B /* Debug */ = {
			isa = XCBuildConfiguration;
			buildSettings = {
				CODE_SIGN_STYLE = Manual;
				DEVELOPMENT_TEAM = "";
				PRODUCT_BUNDLE_IDENTIFIER = "com.andy.linked-order-analyze";
				PRODUCT_NAME = "$(TARGET_NAME)";
				PROVISIONING_PROFILE_SPECIFIER = "";
			};
			name = Debug;
		};
		B6313D7425B4341C0035448B /* Release */ = {
			isa = XCBuildConfiguration;
			buildSettings = {
				CODE_SIGN_STYLE = Manual;
				DEVELOPMENT_TEAM = "";
				PRODUCT_BUNDLE_IDENTIFIER = "com.andy.linked-order-analyze";
				PRODUCT_NAME = "$(TARGET_NAME)";
				PROVISIONING_PROFILE_SPECIFIER = "";
			};
			name = Release;
		};
/* End XCBuildConfiguration section */

/* Begin XCConfigurationList section */
		B6313D6625B4341C0035448B /* Build configuration list for PBXProject "Linked_Order_Analyze" */ = {
			isa = XCConfigurationList;
			buildConfigurations = (
				B6313D7025B4341C0035448B /* Debug */,
				B6313D7125B4341C0035448B /* Release */,
			);
			defaultConfigurationIsVisible = 0;
			defaultConfigurationName = Release;
		};
		B6313D7225B4341C0035448B /* Build configuration list for PBXNativeTarget "Linked_Order_Analyze" */ = {
			isa = XCConfigurationList;
			buildConfigurations = (
				B6313D7325B4341C0035448B /* Debug */,
				B6313D7425B4341C0035448B /* Release */,
			);
			defaultConfigurationIsVisible = 0;
			defaultConfigurationName = Release;
		};
/* End XCConfigurationList section */
	};
	rootObject = B6313D6325B4341C0035448B /* Project object */;
}
